
Microsoft Visual Studio Solution File, Format Version 12.00
# Visual Studio Version 16
VisualStudioVersion = 16.0.33529.622
MinimumVisualStudioVersion = 10.0.40219.1
Project("{8BC9CEB8-8B4A-11D0-8D11-00A0C91BC942}") = "define 定义宏", "define 定义宏.vcxproj", "{A568AC15-26C2-4D72-BF20-C7B7DED488EE}"
EndProject
Global
	GlobalSection(SolutionConfigurationPlatforms) = preSolution
		Debug|x64 = Debug|x64
		Debug|x86 = Debug|x86
		Release|x64 = Release|x64
		Release|x86 = Release|x86
	EndGlobalSection
	GlobalSection(ProjectConfigurationPlatforms) = postSolution
		{A568AC15-26C2-4D72-BF20-C7B7DED488EE}.Debug|x64.ActiveCfg = Debug|x64
		{A568AC15-26C2-4D72-BF20-C7B7DED488EE}.Debug|x64.Build.0 = Debug|x64
		{A568AC15-26C2-4D72-BF20-C7B7DED488EE}.Debug|x86.ActiveCfg = Debug|Win32
		{A568AC15-26C2-4D72-BF20-C7B7DED488EE}.Debug|x86.Build.0 = Debug|Win32
		{A568AC15-26C2-4D72-BF20-C7B7DED488EE}.Release|x64.ActiveCfg = Release|x64
		{A568AC15-26C2-4D72-BF20-C7B7DED488EE}.Release|x64.Build.0 = Release|x64
		{A568AC15-26C2-4D72-BF20-C7B7DED488EE}.Release|x86.ActiveCfg = Release|Win32
		{A568AC15-26C2-4D72-BF20-C7B7DED488EE}.Release|x86.Build.0 = Release|Win32
	EndGlobalSection
	GlobalSection(SolutionProperties) = preSolution
		HideSolutionNode = FALSE
	EndGlobalSection
	GlobalSection(ExtensibilityGlobals) = postSolution
		SolutionGuid = {A473156B-FBB3-4A37-8CBF-ACC4C18BBE9D}
	EndGlobalSection
EndGlobal
